
Microsoft Visual Studio Solution File, Format Version 12.00
# Visual Studio 15
VisualStudioVersion = 15.0.28010.2041
MinimumVisualStudioVersion = 10.0.40219.1
Project("{FAE04EC0-301F-11D3-BF4B-00C04F79EFBC}") = "vpn_watcher", "vpn_watcher\vpn_watcher.csproj", "{A957C2D4-4BF0-43A5-8535-836E32EB0D78}"
EndProject
Global
	GlobalSection(SolutionConfigurationPlatforms) = preSolution
		Debug|Any CPU = Debug|Any CPU
		Release|Any CPU = Release|Any CPU
	EndGlobalSection
	GlobalSection(ProjectConfigurationPlatforms) = postSolution
		{A957C2D4-4BF0-43A5-8535-836E32EB0D78}.Debug|Any CPU.ActiveCfg = Debug|Any CPU
		{A957C2D4-4BF0-43A5-8535-836E32EB0D78}.Debug|Any CPU.Build.0 = Debug|Any CPU
		{A957C2D4-4BF0-43A5-8535-836E32EB0D78}.Release|Any CPU.ActiveCfg = Release|Any CPU
		{A957C2D4-4BF0-43A5-8535-836E32EB0D78}.Release|Any CPU.Build.0 = Release|Any CPU
	EndGlobalSection
	GlobalSection(SolutionProperties) = preSolution
		HideSolutionNode = FALSE
	EndGlobalSection
	GlobalSection(ExtensibilityGlobals) = postSolution
		SolutionGuid = {7387D024-A305-48D8-8B36-0E51FD27A8A0}
	EndGlobalSection
EndGlobal
